
Microsoft Visual Studio Solution File, Format Version 12.00
# Visual Studio Version 16
VisualStudioVersion = 16.0.31515.178
MinimumVisualStudioVersion = 10.0.40219.1
Project("{FAE04EC0-301F-11D3-BF4B-00C04F79EFBC}") = "Interfaces HW", "Interfaces HW\Interfaces HW.csproj", "{FEC80E6C-301E-48A0-A044-B5CFBC31B78F}"
EndProject
Global
	GlobalSection(SolutionConfigurationPlatforms) = preSolution
		Debug|Any CPU = Debug|Any CPU
		Release|Any CPU = Release|Any CPU
	EndGlobalSection
	GlobalSection(ProjectConfigurationPlatforms) = postSolution
		{FEC80E6C-301E-48A0-A044-B5CFBC31B78F}.Debug|Any CPU.ActiveCfg = Debug|Any CPU
		{FEC80E6C-301E-48A0-A044-B5CFBC31B78F}.Debug|Any CPU.Build.0 = Debug|Any CPU
		{FEC80E6C-301E-48A0-A044-B5CFBC31B78F}.Release|Any CPU.ActiveCfg = Release|Any CPU
		{FEC80E6C-301E-48A0-A044-B5CFBC31B78F}.Release|Any CPU.Build.0 = Release|Any CPU
	EndGlobalSection
	GlobalSection(SolutionProperties) = preSolution
		HideSolutionNode = FALSE
	EndGlobalSection
	GlobalSection(ExtensibilityGlobals) = postSolution
		SolutionGuid = {61AA74BE-6C1F-4B7C-9112-232ACC5B0E04}
	EndGlobalSection
EndGlobal
